<?xml version="1.0" encoding="utf-8"?>
<Project ToolsVersion="4.0" xmlns="http://schemas.microsoft.com/developer/msbuild/2003">
  <ItemGroup>
    <Filter Include="Source Files">
      <UniqueIdentifier>{4FC737F1-C7A5-4376-A066-2A32D752A2FF}</UniqueIdentifier>
      <Extensions>cpp;c;cc;cxx;c++;cppm;ixx;def;odl;idl;hpj;bat;asm;asmx</Extensions>
    </Filter>
    <Filter Include="Header Files">
      <UniqueIdentifier>{93995380-89BD-4b04-88EB-625FBE52EBFB}</UniqueIdentifier>
      <Extensions>h;hh;hpp;hxx;h++;hm;inl;inc;ipp;xsd</Extensions>
    </Filter>
    <Filter Include="Resource Files">
      <UniqueIdentifier>{67DA6AB6-F800-4c08-8B7A-83BB121AAD01}</UniqueIdentifier>
      <Extensions>rc;ico;cur;bmp;dlg;rc2;rct;bin;rgs;gif;jpg;jpeg;jpe;resx;tiff;tif;png;wav;mfcribbon-ms</Extensions>
    </Filter>
  </ItemGroup>
  <ItemGroup>
    <ClCompile Include="src\BASFile.c">
      <Filter>Source Files</Filter>
    </ClCompile>
    <ClCompile Include="src\BINFile.c">
      <Filter>Source Files</Filter>
    </ClCompile>
    <ClCompile Include="src\CASFile.c">
      <Filter>Source Files</Filter>
    </ClCompile>
    <ClCompile Include="src\CharMap.c">
      <Filter>Source Files</Filter>
    </ClCompile>
    <ClCompile Include="src\COMPort.c">
      <Filter>Source Files</Filter>
    </ClCompile>
    <ClCompile Include="src\Console.c">
      <Filter>Source Files</Filter>
    </ClCompile>
    <ClCompile Include="src\CRC.c">
      <Filter>Source Files</Filter>
    </ClCompile>
    <ClCompile Include="src\DataBuffer.c">
      <Filter>Source Files</Filter>
    </ClCompile>
    <ClCompile Include="src\DDS.c">
      <Filter>Source Files</Filter>
    </ClCompile>
    <ClCompile Include="src\FileUtils.c">
      <Filter>Source Files</Filter>
    </ClCompile>
    <ClCompile Include="src\HEXFile.c">
      <Filter>Source Files</Filter>
    </ClCompile>
    <ClCompile Include="src\Main.c">
      <Filter>Source Files</Filter>
    </ClCompile>
    <ClCompile Include="src\ROMFile.c">
      <Filter>Source Files</Filter>
    </ClCompile>
    <ClCompile Include="src\ROMLoader.c">
      <Filter>Source Files</Filter>
    </ClCompile>
    <ClCompile Include="src\TAPEFile.c">
      <Filter>Source Files</Filter>
    </ClCompile>
    <ClCompile Include="src\TTPFile.c">
      <Filter>Source Files</Filter>
    </ClCompile>
    <ClCompile Include="src\UARTDevice.c">
      <Filter>Source Files</Filter>
    </ClCompile>
    <ClCompile Include="src\WaveDevice.c">
      <Filter>Source Files</Filter>
    </ClCompile>
    <ClCompile Include="src\WaveFile.c">
      <Filter>Source Files</Filter>
    </ClCompile>
    <ClCompile Include="src\WaveFilter.c">
      <Filter>Source Files</Filter>
    </ClCompile>
    <ClCompile Include="src\WaveLevelControl.c">
      <Filter>Source Files</Filter>
    </ClCompile>
    <ClCompile Include="src\WaveMapper.c">
      <Filter>Source Files</Filter>
    </ClCompile>
    <ClCompile Include="src\ZX7Compress.c">
      <Filter>Source Files</Filter>
    </ClCompile>
    <ClCompile Include="src\ZX7Optimize.c">
      <Filter>Source Files</Filter>
    </ClCompile>
  </ItemGroup>
  <ItemGroup>
    <ClInclude Include="inc\BASFile.h">
      <Filter>Header Files</Filter>
    </ClInclude>
    <ClInclude Include="inc\BINFile.h">
      <Filter>Header Files</Filter>
    </ClInclude>
    <ClInclude Include="inc\CASFile.h">
      <Filter>Header Files</Filter>
    </ClInclude>
    <ClInclude Include="inc\CharMap.h">
      <Filter>Header Files</Filter>
    </ClInclude>
    <ClInclude Include="inc\COMPort.h">
      <Filter>Header Files</Filter>
    </ClInclude>
    <ClInclude Include="inc\Console.h">
      <Filter>Header Files</Filter>
    </ClInclude>
    <ClInclude Include="inc\CRC.h">
      <Filter>Header Files</Filter>
    </ClInclude>
    <ClInclude Include="inc\DataBuffer.h">
      <Filter>Header Files</Filter>
    </ClInclude>
    <ClInclude Include="inc\DDS.h">
      <Filter>Header Files</Filter>
    </ClInclude>
    <ClInclude Include="inc\FileUtils.h">
      <Filter>Header Files</Filter>
    </ClInclude>
    <ClInclude Include="inc\HEXFile.h">
      <Filter>Header Files</Filter>
    </ClInclude>
    <ClInclude Include="inc\Main.h">
      <Filter>Header Files</Filter>
    </ClInclude>
    <ClInclude Include="inc\ROMFile.h">
      <Filter>Header Files</Filter>
    </ClInclude>
    <ClInclude Include="inc\ROMLoader.h">
      <Filter>Header Files</Filter>
    </ClInclude>
    <ClInclude Include="inc\TAPEFile.h">
      <Filter>Header Files</Filter>
    </ClInclude>
    <ClInclude Include="inc\TTPFile.h">
      <Filter>Header Files</Filter>
    </ClInclude>
    <ClInclude Include="inc\Types.h">
      <Filter>Header Files</Filter>
    </ClInclude>
    <ClInclude Include="inc\UARTDevice.h">
      <Filter>Header Files</Filter>
    </ClInclude>
    <ClInclude Include="inc\WaveDevice.h">
      <Filter>Header Files</Filter>
    </ClInclude>
    <ClInclude Include="inc\WaveFile.h">
      <Filter>Header Files</Filter>
    </ClInclude>
    <ClInclude Include="inc\WaveFilter.h">
      <Filter>Header Files</Filter>
    </ClInclude>
    <ClInclude Include="inc\WaveLevelControl.h">
      <Filter>Header Files</Filter>
    </ClInclude>
    <ClInclude Include="inc\WaveMapper.h">
      <Filter>Header Files</Filter>
    </ClInclude>
    <ClInclude Include="inc\ZX7Compress.h">
      <Filter>Header Files</Filter>
    </ClInclude>
  </ItemGroup>
</Project>